
Microsoft Visual Studio Solution File, Format Version 12.00
# Visual Studio Version 17
VisualStudioVersion = 17.8.34330.188
MinimumVisualStudioVersion = 10.0.40219.1
Project("{FAE04EC0-301F-11D3-BF4B-00C04F79EFBC}") = "PollsAppAssessment", "PollsAppAssessment\PollsAppAssessment.csproj", "{094D15EA-D483-4CF3-B530-1E4FCA309F45}"
EndProject
Global
	GlobalSection(SolutionConfigurationPlatforms) = preSolution
		Debug|Any CPU = Debug|Any CPU
		Release|Any CPU = Release|Any CPU
	EndGlobalSection
	GlobalSection(ProjectConfigurationPlatforms) = postSolution
		{094D15EA-D483-4CF3-B530-1E4FCA309F45}.Debug|Any CPU.ActiveCfg = Debug|Any CPU
		{094D15EA-D483-4CF3-B530-1E4FCA309F45}.Debug|Any CPU.Build.0 = Debug|Any CPU
		{094D15EA-D483-4CF3-B530-1E4FCA309F45}.Release|Any CPU.ActiveCfg = Release|Any CPU
		{094D15EA-D483-4CF3-B530-1E4FCA309F45}.Release|Any CPU.Build.0 = Release|Any CPU
	EndGlobalSection
	GlobalSection(SolutionProperties) = preSolution
		HideSolutionNode = FALSE
	EndGlobalSection
	GlobalSection(ExtensibilityGlobals) = postSolution
		SolutionGuid = {125C22FD-9551-4305-A80D-44B13DF425BC}
	EndGlobalSection
EndGlobal
