
Microsoft Visual Studio Solution File, Format Version 12.00
# Visual Studio Version 17
VisualStudioVersion = 17.5.33516.290
MinimumVisualStudioVersion = 10.0.40219.1
Project("{9A19103F-16F7-4668-BE54-9A1E7A4F7556}") = "DXApplication3.Module", "DXApplication3.Module\DXApplication3.Module.csproj", "{3EB58C5C-9F05-4491-ABB5-2A0EB91EF974}"
EndProject
Project("{9A19103F-16F7-4668-BE54-9A1E7A4F7556}") = "DXApplication3.Module.Blazor", "DXApplication3.Module.Blazor\DXApplication3.Module.Blazor.csproj", "{77AF00AD-DD2F-48D7-B4FB-D3973F3A339B}"
EndProject
Project("{9A19103F-16F7-4668-BE54-9A1E7A4F7556}") = "DXApplication3.Blazor.Server", "DXApplication3.Blazor.Server\DXApplication3.Blazor.Server.csproj", "{9C202849-FA60-4C91-A900-D36149DE0454}"
EndProject
Global
	GlobalSection(SolutionConfigurationPlatforms) = preSolution
		Debug|Any CPU = Debug|Any CPU
		EasyTest|Any CPU = EasyTest|Any CPU
		Release|Any CPU = Release|Any CPU
	EndGlobalSection
	GlobalSection(ProjectConfigurationPlatforms) = postSolution
		{3EB58C5C-9F05-4491-ABB5-2A0EB91EF974}.Debug|Any CPU.ActiveCfg = Debug|Any CPU
		{3EB58C5C-9F05-4491-ABB5-2A0EB91EF974}.Debug|Any CPU.Build.0 = Debug|Any CPU
		{3EB58C5C-9F05-4491-ABB5-2A0EB91EF974}.EasyTest|Any CPU.ActiveCfg = EasyTest|Any CPU
		{3EB58C5C-9F05-4491-ABB5-2A0EB91EF974}.EasyTest|Any CPU.Build.0 = EasyTest|Any CPU
		{3EB58C5C-9F05-4491-ABB5-2A0EB91EF974}.Release|Any CPU.ActiveCfg = Release|Any CPU
		{3EB58C5C-9F05-4491-ABB5-2A0EB91EF974}.Release|Any CPU.Build.0 = Release|Any CPU
		{77AF00AD-DD2F-48D7-B4FB-D3973F3A339B}.Debug|Any CPU.ActiveCfg = Debug|Any CPU
		{77AF00AD-DD2F-48D7-B4FB-D3973F3A339B}.Debug|Any CPU.Build.0 = Debug|Any CPU
		{77AF00AD-DD2F-48D7-B4FB-D3973F3A339B}.EasyTest|Any CPU.ActiveCfg = EasyTest|Any CPU
		{77AF00AD-DD2F-48D7-B4FB-D3973F3A339B}.EasyTest|Any CPU.Build.0 = EasyTest|Any CPU
		{77AF00AD-DD2F-48D7-B4FB-D3973F3A339B}.Release|Any CPU.ActiveCfg = Release|Any CPU
		{77AF00AD-DD2F-48D7-B4FB-D3973F3A339B}.Release|Any CPU.Build.0 = Release|Any CPU
		{9C202849-FA60-4C91-A900-D36149DE0454}.Debug|Any CPU.ActiveCfg = Debug|Any CPU
		{9C202849-FA60-4C91-A900-D36149DE0454}.Debug|Any CPU.Build.0 = Debug|Any CPU
		{9C202849-FA60-4C91-A900-D36149DE0454}.EasyTest|Any CPU.ActiveCfg = EasyTest|Any CPU
		{9C202849-FA60-4C91-A900-D36149DE0454}.EasyTest|Any CPU.Build.0 = EasyTest|Any CPU
		{9C202849-FA60-4C91-A900-D36149DE0454}.Release|Any CPU.ActiveCfg = Release|Any CPU
		{9C202849-FA60-4C91-A900-D36149DE0454}.Release|Any CPU.Build.0 = Release|Any CPU
	EndGlobalSection
	GlobalSection(SolutionProperties) = preSolution
		HideSolutionNode = FALSE
	EndGlobalSection
EndGlobal
