
Microsoft Visual Studio Solution File, Format Version 12.00
# Visual Studio Version 17
VisualStudioVersion = 17.5.33516.290
MinimumVisualStudioVersion = 10.0.40219.1
Project("{FAE04EC0-301F-11D3-BF4B-00C04F79EFBC}") = "DXMauiApp2", "DXMauiApp2\DXMauiApp2\DXMauiApp2.csproj", "{FED19275-429B-44B5-9BEF-A008C94892D2}"
EndProject
Global
	GlobalSection(SolutionConfigurationPlatforms) = preSolution
		Debug|Any CPU = Debug|Any CPU
		Release|Any CPU = Release|Any CPU
	EndGlobalSection
	GlobalSection(ProjectConfigurationPlatforms) = postSolution
		{FED19275-429B-44B5-9BEF-A008C94892D2}.Debug|Any CPU.ActiveCfg = Debug|Any CPU
		{FED19275-429B-44B5-9BEF-A008C94892D2}.Debug|Any CPU.Build.0 = Debug|Any CPU
		{FED19275-429B-44B5-9BEF-A008C94892D2}.Debug|Any CPU.Deploy.0 = Debug|Any CPU
		{FED19275-429B-44B5-9BEF-A008C94892D2}.Release|Any CPU.ActiveCfg = Release|Any CPU
		{FED19275-429B-44B5-9BEF-A008C94892D2}.Release|Any CPU.Build.0 = Release|Any CPU
		{FED19275-429B-44B5-9BEF-A008C94892D2}.Release|Any CPU.Deploy.0 = Release|Any CPU
	EndGlobalSection
	GlobalSection(SolutionProperties) = preSolution
		HideSolutionNode = FALSE
	EndGlobalSection
	GlobalSection(ExtensibilityGlobals) = postSolution
		SolutionGuid = {FFF8D943-4629-4EEA-B4DE-ED7F3C333528}
	EndGlobalSection
EndGlobal
