
Microsoft Visual Studio Solution File, Format Version 12.00
# Visual Studio Version 17
VisualStudioVersion = 17.5.33516.290
MinimumVisualStudioVersion = 10.0.40219.1
Project("{FAE04EC0-301F-11D3-BF4B-00C04F79EFBC}") = "DXApp2.Android", "DXApp2\DXApp2.Android\DXApp2.Android.csproj", "{9D71691E-D540-445A-908B-DD54C3FAA425}"
EndProject
Project("{FAE04EC0-301F-11D3-BF4B-00C04F79EFBC}") = "DXApp2", "DXApp2\DXApp2\DXApp2.csproj", "{6237DAC7-31CB-48B1-860D-535FCFB0875E}"
EndProject
Project("{FAE04EC0-301F-11D3-BF4B-00C04F79EFBC}") = "PDAPI", "PDAPI\PDAPI.csproj", "{FEC518D1-6078-4B98-88DF-9298A2475C03}"
EndProject
Project("{9A19103F-16F7-4668-BE54-9A1E7A4F7556}") = "DXApplication1.Module", "DXApplication1.Module\DXApplication1.Module.csproj", "{DF82AE3F-E0B4-464C-93C3-013828472155}"
EndProject
Project("{9A19103F-16F7-4668-BE54-9A1E7A4F7556}") = "DXApplication1.WebApi", "DXApplication1.WebApi\DXApplication1.WebApi.csproj", "{2CCA9D3C-B721-406D-868F-14E2A5C6CD4C}"
EndProject
Project("{9A19103F-16F7-4668-BE54-9A1E7A4F7556}") = "DXApplication1.Win", "DXApplication1.Win\DXApplication1.Win.csproj", "{29C87128-80E3-4115-8B93-AAB70F820284}"
EndProject
Project("{9A19103F-16F7-4668-BE54-9A1E7A4F7556}") = "DXApplication1.Blazor.Server", "DXApplication1.Blazor.Server\DXApplication1.Blazor.Server.csproj", "{85C09A13-4FFC-47A2-93FD-84364AC72D1C}"
EndProject
Project("{9A19103F-16F7-4668-BE54-9A1E7A4F7556}") = "DXApplication1.E2E.Tests", "DXApplication1.E2E.Tests\DXApplication1.E2E.Tests.csproj", "{6C3834E5-31C2-4DD6-9855-65D46AEE6B63}"
EndProject
Global
	GlobalSection(SolutionConfigurationPlatforms) = preSolution
		Debug|Any CPU = Debug|Any CPU
		EasyTest|Any CPU = EasyTest|Any CPU
		Release|Any CPU = Release|Any CPU
	EndGlobalSection
	GlobalSection(ProjectConfigurationPlatforms) = postSolution
		{9D71691E-D540-445A-908B-DD54C3FAA425}.Debug|Any CPU.ActiveCfg = Debug|Any CPU
		{9D71691E-D540-445A-908B-DD54C3FAA425}.Debug|Any CPU.Build.0 = Debug|Any CPU
		{9D71691E-D540-445A-908B-DD54C3FAA425}.Debug|Any CPU.Deploy.0 = Debug|Any CPU
		{9D71691E-D540-445A-908B-DD54C3FAA425}.EasyTest|Any CPU.ActiveCfg = Debug|Any CPU
		{9D71691E-D540-445A-908B-DD54C3FAA425}.EasyTest|Any CPU.Build.0 = Debug|Any CPU
		{9D71691E-D540-445A-908B-DD54C3FAA425}.EasyTest|Any CPU.Deploy.0 = Debug|Any CPU
		{9D71691E-D540-445A-908B-DD54C3FAA425}.Release|Any CPU.ActiveCfg = Release|Any CPU
		{9D71691E-D540-445A-908B-DD54C3FAA425}.Release|Any CPU.Build.0 = Release|Any CPU
		{9D71691E-D540-445A-908B-DD54C3FAA425}.Release|Any CPU.Deploy.0 = Release|Any CPU
		{6237DAC7-31CB-48B1-860D-535FCFB0875E}.Debug|Any CPU.ActiveCfg = Debug|Any CPU
		{6237DAC7-31CB-48B1-860D-535FCFB0875E}.Debug|Any CPU.Build.0 = Debug|Any CPU
		{6237DAC7-31CB-48B1-860D-535FCFB0875E}.EasyTest|Any CPU.ActiveCfg = Debug|Any CPU
		{6237DAC7-31CB-48B1-860D-535FCFB0875E}.EasyTest|Any CPU.Build.0 = Debug|Any CPU
		{6237DAC7-31CB-48B1-860D-535FCFB0875E}.Release|Any CPU.ActiveCfg = Release|Any CPU
		{6237DAC7-31CB-48B1-860D-535FCFB0875E}.Release|Any CPU.Build.0 = Release|Any CPU
		{FEC518D1-6078-4B98-88DF-9298A2475C03}.Debug|Any CPU.ActiveCfg = Debug|Any CPU
		{FEC518D1-6078-4B98-88DF-9298A2475C03}.Debug|Any CPU.Build.0 = Debug|Any CPU
		{FEC518D1-6078-4B98-88DF-9298A2475C03}.EasyTest|Any CPU.ActiveCfg = Debug|Any CPU
		{FEC518D1-6078-4B98-88DF-9298A2475C03}.EasyTest|Any CPU.Build.0 = Debug|Any CPU
		{FEC518D1-6078-4B98-88DF-9298A2475C03}.Release|Any CPU.ActiveCfg = Release|Any CPU
		{FEC518D1-6078-4B98-88DF-9298A2475C03}.Release|Any CPU.Build.0 = Release|Any CPU
		{DF82AE3F-E0B4-464C-93C3-013828472155}.Debug|Any CPU.ActiveCfg = Debug|Any CPU
		{DF82AE3F-E0B4-464C-93C3-013828472155}.Debug|Any CPU.Build.0 = Debug|Any CPU
		{DF82AE3F-E0B4-464C-93C3-013828472155}.EasyTest|Any CPU.ActiveCfg = EasyTest|Any CPU
		{DF82AE3F-E0B4-464C-93C3-013828472155}.EasyTest|Any CPU.Build.0 = EasyTest|Any CPU
		{DF82AE3F-E0B4-464C-93C3-013828472155}.Release|Any CPU.ActiveCfg = Release|Any CPU
		{DF82AE3F-E0B4-464C-93C3-013828472155}.Release|Any CPU.Build.0 = Release|Any CPU
		{2CCA9D3C-B721-406D-868F-14E2A5C6CD4C}.Debug|Any CPU.ActiveCfg = Debug|Any CPU
		{2CCA9D3C-B721-406D-868F-14E2A5C6CD4C}.Debug|Any CPU.Build.0 = Debug|Any CPU
		{2CCA9D3C-B721-406D-868F-14E2A5C6CD4C}.EasyTest|Any CPU.ActiveCfg = EasyTest|Any CPU
		{2CCA9D3C-B721-406D-868F-14E2A5C6CD4C}.EasyTest|Any CPU.Build.0 = EasyTest|Any CPU
		{2CCA9D3C-B721-406D-868F-14E2A5C6CD4C}.Release|Any CPU.ActiveCfg = Release|Any CPU
		{2CCA9D3C-B721-406D-868F-14E2A5C6CD4C}.Release|Any CPU.Build.0 = Release|Any CPU
		{29C87128-80E3-4115-8B93-AAB70F820284}.Debug|Any CPU.ActiveCfg = Debug|Any CPU
		{29C87128-80E3-4115-8B93-AAB70F820284}.Debug|Any CPU.Build.0 = Debug|Any CPU
		{29C87128-80E3-4115-8B93-AAB70F820284}.EasyTest|Any CPU.ActiveCfg = EasyTest|Any CPU
		{29C87128-80E3-4115-8B93-AAB70F820284}.EasyTest|Any CPU.Build.0 = EasyTest|Any CPU
		{29C87128-80E3-4115-8B93-AAB70F820284}.Release|Any CPU.ActiveCfg = Release|Any CPU
		{29C87128-80E3-4115-8B93-AAB70F820284}.Release|Any CPU.Build.0 = Release|Any CPU
		{85C09A13-4FFC-47A2-93FD-84364AC72D1C}.Debug|Any CPU.ActiveCfg = Debug|Any CPU
		{85C09A13-4FFC-47A2-93FD-84364AC72D1C}.Debug|Any CPU.Build.0 = Debug|Any CPU
		{85C09A13-4FFC-47A2-93FD-84364AC72D1C}.EasyTest|Any CPU.ActiveCfg = EasyTest|Any CPU
		{85C09A13-4FFC-47A2-93FD-84364AC72D1C}.EasyTest|Any CPU.Build.0 = EasyTest|Any CPU
		{85C09A13-4FFC-47A2-93FD-84364AC72D1C}.Release|Any CPU.ActiveCfg = Release|Any CPU
		{85C09A13-4FFC-47A2-93FD-84364AC72D1C}.Release|Any CPU.Build.0 = Release|Any CPU
		{6C3834E5-31C2-4DD6-9855-65D46AEE6B63}.Debug|Any CPU.ActiveCfg = Debug|Any CPU
		{6C3834E5-31C2-4DD6-9855-65D46AEE6B63}.Debug|Any CPU.Build.0 = Debug|Any CPU
		{6C3834E5-31C2-4DD6-9855-65D46AEE6B63}.EasyTest|Any CPU.ActiveCfg = EasyTest|Any CPU
		{6C3834E5-31C2-4DD6-9855-65D46AEE6B63}.EasyTest|Any CPU.Build.0 = EasyTest|Any CPU
		{6C3834E5-31C2-4DD6-9855-65D46AEE6B63}.Release|Any CPU.ActiveCfg = Release|Any CPU
		{6C3834E5-31C2-4DD6-9855-65D46AEE6B63}.Release|Any CPU.Build.0 = Release|Any CPU
	EndGlobalSection
	GlobalSection(SolutionProperties) = preSolution
		HideSolutionNode = FALSE
	EndGlobalSection
	GlobalSection(ExtensibilityGlobals) = postSolution
		SolutionGuid = {4AE203A5-1661-4040-96B1-07AB47AF6C53}
	EndGlobalSection
EndGlobal
