
Microsoft Visual Studio Solution File, Format Version 12.00
# Visual Studio 15
VisualStudioVersion = 15.0.28307.168
MinimumVisualStudioVersion = 10.0.40219.1
Project("{FAE04EC0-301F-11D3-BF4B-00C04F79EFBC}") = "Marshmello.Android", "Marshmello\Marshmello.Android\Marshmello.Android.csproj", "{04165D0B-2ED4-4C12-857F-7F9912A1A076}"
EndProject
Project("{FAE04EC0-301F-11D3-BF4B-00C04F79EFBC}") = "Marshmello", "Marshmello\Marshmello\Marshmello.csproj", "{D6AB79F7-E738-4D19-B25A-62679B43D506}"
EndProject
Global
	GlobalSection(SolutionConfigurationPlatforms) = preSolution
		Debug|Any CPU = Debug|Any CPU
		Release|Any CPU = Release|Any CPU
	EndGlobalSection
	GlobalSection(ProjectConfigurationPlatforms) = postSolution
		{04165D0B-2ED4-4C12-857F-7F9912A1A076}.Debug|Any CPU.ActiveCfg = Debug|Any CPU
		{04165D0B-2ED4-4C12-857F-7F9912A1A076}.Debug|Any CPU.Build.0 = Debug|Any CPU
		{04165D0B-2ED4-4C12-857F-7F9912A1A076}.Debug|Any CPU.Deploy.0 = Debug|Any CPU
		{04165D0B-2ED4-4C12-857F-7F9912A1A076}.Release|Any CPU.ActiveCfg = Release|Any CPU
		{04165D0B-2ED4-4C12-857F-7F9912A1A076}.Release|Any CPU.Build.0 = Release|Any CPU
		{04165D0B-2ED4-4C12-857F-7F9912A1A076}.Release|Any CPU.Deploy.0 = Release|Any CPU
		{D6AB79F7-E738-4D19-B25A-62679B43D506}.Debug|Any CPU.ActiveCfg = Debug|Any CPU
		{D6AB79F7-E738-4D19-B25A-62679B43D506}.Debug|Any CPU.Build.0 = Debug|Any CPU
		{D6AB79F7-E738-4D19-B25A-62679B43D506}.Debug|Any CPU.Deploy.0 = Debug|Any CPU
		{D6AB79F7-E738-4D19-B25A-62679B43D506}.Release|Any CPU.ActiveCfg = Release|Any CPU
		{D6AB79F7-E738-4D19-B25A-62679B43D506}.Release|Any CPU.Build.0 = Release|Any CPU
		{D6AB79F7-E738-4D19-B25A-62679B43D506}.Release|Any CPU.Deploy.0 = Release|Any CPU
	EndGlobalSection
	GlobalSection(SolutionProperties) = preSolution
		HideSolutionNode = FALSE
	EndGlobalSection
	GlobalSection(ExtensibilityGlobals) = postSolution
		SolutionGuid = {B76F4E57-950B-4345-B912-C572EB3935F6}
	EndGlobalSection
EndGlobal
