
Microsoft Visual Studio Solution File, Format Version 12.00
# Visual Studio Version 17
VisualStudioVersion = 17.5.33516.290
MinimumVisualStudioVersion = 10.0.40219.1
Project("{FAE04EC0-301F-11D3-BF4B-00C04F79EFBC}") = "DXApp1.Android", "DXApp1\DXApp1.Android\DXApp1.Android.csproj", "{9D71691E-D540-445A-908B-DD54C3FAA425}"
EndProject
Project("{FAE04EC0-301F-11D3-BF4B-00C04F79EFBC}") = "DXApp1", "DXApp1\DXApp1\DXApp1.csproj", "{92C13265-0F96-4F3D-8E94-069FE5885C07}"
EndProject
Project("{FAE04EC0-301F-11D3-BF4B-00C04F79EFBC}") = "PDAPI", "PDAPI\PDAPI.csproj", "{369786CA-6F0B-45DB-8511-AE4967AF8866}"
EndProject
Global
	GlobalSection(SolutionConfigurationPlatforms) = preSolution
		Debug|Any CPU = Debug|Any CPU
		Release|Any CPU = Release|Any CPU
	EndGlobalSection
	GlobalSection(ProjectConfigurationPlatforms) = postSolution
		{9D71691E-D540-445A-908B-DD54C3FAA425}.Debug|Any CPU.ActiveCfg = Debug|Any CPU
		{9D71691E-D540-445A-908B-DD54C3FAA425}.Debug|Any CPU.Build.0 = Debug|Any CPU
		{9D71691E-D540-445A-908B-DD54C3FAA425}.Debug|Any CPU.Deploy.0 = Debug|Any CPU
		{9D71691E-D540-445A-908B-DD54C3FAA425}.Release|Any CPU.ActiveCfg = Release|Any CPU
		{9D71691E-D540-445A-908B-DD54C3FAA425}.Release|Any CPU.Build.0 = Release|Any CPU
		{9D71691E-D540-445A-908B-DD54C3FAA425}.Release|Any CPU.Deploy.0 = Release|Any CPU
		{92C13265-0F96-4F3D-8E94-069FE5885C07}.Debug|Any CPU.ActiveCfg = Debug|Any CPU
		{92C13265-0F96-4F3D-8E94-069FE5885C07}.Debug|Any CPU.Build.0 = Debug|Any CPU
		{92C13265-0F96-4F3D-8E94-069FE5885C07}.Release|Any CPU.ActiveCfg = Release|Any CPU
		{92C13265-0F96-4F3D-8E94-069FE5885C07}.Release|Any CPU.Build.0 = Release|Any CPU
		{369786CA-6F0B-45DB-8511-AE4967AF8866}.Debug|Any CPU.ActiveCfg = Debug|Any CPU
		{369786CA-6F0B-45DB-8511-AE4967AF8866}.Debug|Any CPU.Build.0 = Debug|Any CPU
		{369786CA-6F0B-45DB-8511-AE4967AF8866}.Release|Any CPU.ActiveCfg = Release|Any CPU
		{369786CA-6F0B-45DB-8511-AE4967AF8866}.Release|Any CPU.Build.0 = Release|Any CPU
	EndGlobalSection
	GlobalSection(SolutionProperties) = preSolution
		HideSolutionNode = FALSE
	EndGlobalSection
	GlobalSection(ExtensibilityGlobals) = postSolution
		SolutionGuid = {1D065267-5B69-4461-9748-6CA65AB8DBFC}
	EndGlobalSection
EndGlobal
