
Microsoft Visual Studio Solution File, Format Version 12.00
# Visual Studio Version 17
VisualStudioVersion = 17.8.34330.188
MinimumVisualStudioVersion = 10.0.40219.1
Project("{FAE04EC0-301F-11D3-BF4B-00C04F79EFBC}") = "BlazorApp1.Server", "BlazorApp1\Server\BlazorApp1.Server.csproj", "{04C0C819-8341-47AE-A10D-98D3D27659A7}"
EndProject
Project("{FAE04EC0-301F-11D3-BF4B-00C04F79EFBC}") = "BlazorApp1.Client", "BlazorApp1\Client\BlazorApp1.Client.csproj", "{8787E568-FF67-4C95-8A0B-5BE7F1AA0867}"
EndProject
Project("{FAE04EC0-301F-11D3-BF4B-00C04F79EFBC}") = "BlazorApp1.Shared", "BlazorApp1\Shared\BlazorApp1.Shared.csproj", "{C942E8B7-140F-46A4-B914-24E9834F5B71}"
EndProject
Global
	GlobalSection(SolutionConfigurationPlatforms) = preSolution
		Debug|Any CPU = Debug|Any CPU
		Release|Any CPU = Release|Any CPU
	EndGlobalSection
	GlobalSection(ProjectConfigurationPlatforms) = postSolution
		{04C0C819-8341-47AE-A10D-98D3D27659A7}.Debug|Any CPU.ActiveCfg = Debug|Any CPU
		{04C0C819-8341-47AE-A10D-98D3D27659A7}.Debug|Any CPU.Build.0 = Debug|Any CPU
		{04C0C819-8341-47AE-A10D-98D3D27659A7}.Release|Any CPU.ActiveCfg = Release|Any CPU
		{04C0C819-8341-47AE-A10D-98D3D27659A7}.Release|Any CPU.Build.0 = Release|Any CPU
		{8787E568-FF67-4C95-8A0B-5BE7F1AA0867}.Debug|Any CPU.ActiveCfg = Debug|Any CPU
		{8787E568-FF67-4C95-8A0B-5BE7F1AA0867}.Debug|Any CPU.Build.0 = Debug|Any CPU
		{8787E568-FF67-4C95-8A0B-5BE7F1AA0867}.Release|Any CPU.ActiveCfg = Release|Any CPU
		{8787E568-FF67-4C95-8A0B-5BE7F1AA0867}.Release|Any CPU.Build.0 = Release|Any CPU
		{C942E8B7-140F-46A4-B914-24E9834F5B71}.Debug|Any CPU.ActiveCfg = Debug|Any CPU
		{C942E8B7-140F-46A4-B914-24E9834F5B71}.Debug|Any CPU.Build.0 = Debug|Any CPU
		{C942E8B7-140F-46A4-B914-24E9834F5B71}.Release|Any CPU.ActiveCfg = Release|Any CPU
		{C942E8B7-140F-46A4-B914-24E9834F5B71}.Release|Any CPU.Build.0 = Release|Any CPU
	EndGlobalSection
	GlobalSection(SolutionProperties) = preSolution
		HideSolutionNode = FALSE
	EndGlobalSection
	GlobalSection(ExtensibilityGlobals) = postSolution
		SolutionGuid = {E8A273DA-588B-4BBB-8CBB-7B720472F436}
	EndGlobalSection
EndGlobal
