
Microsoft Visual Studio Solution File, Format Version 12.00
# Visual Studio Version 17
VisualStudioVersion = 17.7.34031.279
MinimumVisualStudioVersion = 10.0.40219.1
Project("{FAE04EC0-301F-11D3-BF4B-00C04F79EFBC}") = "WebApplication1", "WebApplication1\WebApplication1.csproj", "{C04196A9-AAF6-45B4-B41C-DA79612811EA}"
EndProject
Project("{FAE04EC0-301F-11D3-BF4B-00C04F79EFBC}") = "DxBlazorApplication1.Server", "DxBlazorApplication1\DxBlazorApplication1.Server\DxBlazorApplication1.Server.csproj", "{AE9C5F88-60C1-4B5A-A70B-9E0B671BB5CD}"
EndProject
Project("{FAE04EC0-301F-11D3-BF4B-00C04F79EFBC}") = "DxBlazorApplication1.Client", "DxBlazorApplication1\DxBlazorApplication1.Client\DxBlazorApplication1.Client.csproj", "{34155C43-9770-48E7-B0AD-641617811D02}"
EndProject
Project("{FAE04EC0-301F-11D3-BF4B-00C04F79EFBC}") = "DxBlazorApplication1.Shared", "DxBlazorApplication1\DxBlazorApplication1.Shared\DxBlazorApplication1.Shared.csproj", "{17F13F57-F6DC-4D71-B8FA-56D0FA7DDDA9}"
EndProject
Global
	GlobalSection(SolutionConfigurationPlatforms) = preSolution
		Debug|Any CPU = Debug|Any CPU
		Release|Any CPU = Release|Any CPU
	EndGlobalSection
	GlobalSection(ProjectConfigurationPlatforms) = postSolution
		{C04196A9-AAF6-45B4-B41C-DA79612811EA}.Debug|Any CPU.ActiveCfg = Debug|Any CPU
		{C04196A9-AAF6-45B4-B41C-DA79612811EA}.Debug|Any CPU.Build.0 = Debug|Any CPU
		{C04196A9-AAF6-45B4-B41C-DA79612811EA}.Release|Any CPU.ActiveCfg = Release|Any CPU
		{C04196A9-AAF6-45B4-B41C-DA79612811EA}.Release|Any CPU.Build.0 = Release|Any CPU
		{AE9C5F88-60C1-4B5A-A70B-9E0B671BB5CD}.Debug|Any CPU.ActiveCfg = Debug|Any CPU
		{AE9C5F88-60C1-4B5A-A70B-9E0B671BB5CD}.Debug|Any CPU.Build.0 = Debug|Any CPU
		{AE9C5F88-60C1-4B5A-A70B-9E0B671BB5CD}.Release|Any CPU.ActiveCfg = Release|Any CPU
		{AE9C5F88-60C1-4B5A-A70B-9E0B671BB5CD}.Release|Any CPU.Build.0 = Release|Any CPU
		{34155C43-9770-48E7-B0AD-641617811D02}.Debug|Any CPU.ActiveCfg = Debug|Any CPU
		{34155C43-9770-48E7-B0AD-641617811D02}.Debug|Any CPU.Build.0 = Debug|Any CPU
		{34155C43-9770-48E7-B0AD-641617811D02}.Release|Any CPU.ActiveCfg = Release|Any CPU
		{34155C43-9770-48E7-B0AD-641617811D02}.Release|Any CPU.Build.0 = Release|Any CPU
		{17F13F57-F6DC-4D71-B8FA-56D0FA7DDDA9}.Debug|Any CPU.ActiveCfg = Debug|Any CPU
		{17F13F57-F6DC-4D71-B8FA-56D0FA7DDDA9}.Debug|Any CPU.Build.0 = Debug|Any CPU
		{17F13F57-F6DC-4D71-B8FA-56D0FA7DDDA9}.Release|Any CPU.ActiveCfg = Release|Any CPU
		{17F13F57-F6DC-4D71-B8FA-56D0FA7DDDA9}.Release|Any CPU.Build.0 = Release|Any CPU
	EndGlobalSection
	GlobalSection(SolutionProperties) = preSolution
		HideSolutionNode = FALSE
	EndGlobalSection
	GlobalSection(ExtensibilityGlobals) = postSolution
		SolutionGuid = {779209D9-E0E5-413E-AC9E-C73BD93FCFFD}
	EndGlobalSection
EndGlobal
