
Microsoft Visual Studio Solution File, Format Version 12.00
# Visual Studio 15
VisualStudioVersion = 15.0.27130.2010
MinimumVisualStudioVersion = 10.0.40219.1
Project("{FAE04EC0-301F-11D3-BF4B-00C04F79EFBC}") = "Client", "Client\Client.csproj", "{126F4EAC-C422-4CB8-B143-5198F9CAEC81}"
EndProject
Project("{FAE04EC0-301F-11D3-BF4B-00C04F79EFBC}") = "Server", "..\Server\Server.csproj", "{5B5E8A3E-984F-4B5B-84D5-96A3E7D031BE}"
EndProject
Project("{FAE04EC0-301F-11D3-BF4B-00C04F79EFBC}") = "WinFormsClient", "..\WinFormsClient\WinFormsClient.csproj", "{586EBE2B-8949-4654-8258-679A67F5F594}"
	ProjectSection(ProjectDependencies) = postProject
		{5B5E8A3E-984F-4B5B-84D5-96A3E7D031BE} = {5B5E8A3E-984F-4B5B-84D5-96A3E7D031BE}
	EndProjectSection
EndProject
Project("{FAE04EC0-301F-11D3-BF4B-00C04F79EFBC}") = "Shared", "..\Shared\Shared.csproj", "{BECB6E63-BE66-4644-97C7-323B7C3ED5D9}"
EndProject
Global
	GlobalSection(SolutionConfigurationPlatforms) = preSolution
		Debug|Any CPU = Debug|Any CPU
		Release|Any CPU = Release|Any CPU
	EndGlobalSection
	GlobalSection(ProjectConfigurationPlatforms) = postSolution
		{126F4EAC-C422-4CB8-B143-5198F9CAEC81}.Debug|Any CPU.ActiveCfg = Debug|Any CPU
		{126F4EAC-C422-4CB8-B143-5198F9CAEC81}.Debug|Any CPU.Build.0 = Debug|Any CPU
		{126F4EAC-C422-4CB8-B143-5198F9CAEC81}.Release|Any CPU.ActiveCfg = Release|Any CPU
		{126F4EAC-C422-4CB8-B143-5198F9CAEC81}.Release|Any CPU.Build.0 = Release|Any CPU
		{5B5E8A3E-984F-4B5B-84D5-96A3E7D031BE}.Debug|Any CPU.ActiveCfg = Debug|Any CPU
		{5B5E8A3E-984F-4B5B-84D5-96A3E7D031BE}.Debug|Any CPU.Build.0 = Debug|Any CPU
		{5B5E8A3E-984F-4B5B-84D5-96A3E7D031BE}.Release|Any CPU.ActiveCfg = Release|Any CPU
		{5B5E8A3E-984F-4B5B-84D5-96A3E7D031BE}.Release|Any CPU.Build.0 = Release|Any CPU
		{586EBE2B-8949-4654-8258-679A67F5F594}.Debug|Any CPU.ActiveCfg = Debug|Any CPU
		{586EBE2B-8949-4654-8258-679A67F5F594}.Debug|Any CPU.Build.0 = Debug|Any CPU
		{586EBE2B-8949-4654-8258-679A67F5F594}.Release|Any CPU.ActiveCfg = Release|Any CPU
		{586EBE2B-8949-4654-8258-679A67F5F594}.Release|Any CPU.Build.0 = Release|Any CPU
		{BECB6E63-BE66-4644-97C7-323B7C3ED5D9}.Debug|Any CPU.ActiveCfg = Debug|Any CPU
		{BECB6E63-BE66-4644-97C7-323B7C3ED5D9}.Debug|Any CPU.Build.0 = Debug|Any CPU
		{BECB6E63-BE66-4644-97C7-323B7C3ED5D9}.Release|Any CPU.ActiveCfg = Release|Any CPU
		{BECB6E63-BE66-4644-97C7-323B7C3ED5D9}.Release|Any CPU.Build.0 = Release|Any CPU
	EndGlobalSection
	GlobalSection(SolutionProperties) = preSolution
		HideSolutionNode = FALSE
	EndGlobalSection
	GlobalSection(ExtensibilityGlobals) = postSolution
		SolutionGuid = {3A918158-7601-40FF-857A-9B3115E3AC2F}
	EndGlobalSection
EndGlobal
