
Microsoft Visual Studio Solution File, Format Version 12.00
# Visual Studio 15
VisualStudioVersion = 15.0.27130.2010
MinimumVisualStudioVersion = 10.0.40219.1
Project("{FAE04EC0-301F-11D3-BF4B-00C04F79EFBC}") = "Server", "Server\Server.csproj", "{1ADB1114-C1D2-4F5A-AA52-0474D5FB299B}"
EndProject
Project("{FAE04EC0-301F-11D3-BF4B-00C04F79EFBC}") = "DAL", "DAL\DAL.csproj", "{BA5AF1F3-2F55-40E0-8579-B1439FFF316A}"
EndProject
Project("{2150E333-8FDC-42A3-9474-1A3956D46DE8}") = "DATA ACCESS LAYER", "DATA ACCESS LAYER", "{8079F466-7332-4796-8A4E-C79B53183962}"
EndProject
Project("{2150E333-8FDC-42A3-9474-1A3956D46DE8}") = "BUSINESS LAYER", "BUSINESS LAYER", "{2FEEEA79-1B89-41B7-A4E0-EE691DAF9C00}"
EndProject
Project("{2150E333-8FDC-42A3-9474-1A3956D46DE8}") = "SERVER HOSTING", "SERVER HOSTING", "{02C7D361-CAF9-497E-AA20-CA85F89A8FFF}"
EndProject
Project("{FAE04EC0-301F-11D3-BF4B-00C04F79EFBC}") = "DashBoard", "DashBoard\DashBoard.csproj", "{BDE642DB-22CC-4645-BE88-06648FF210CD}"
EndProject
Project("{2150E333-8FDC-42A3-9474-1A3956D46DE8}") = "SHARED", "SHARED", "{E0621A79-50DB-41C8-BB3D-FBD55A888191}"
EndProject
Project("{FAE04EC0-301F-11D3-BF4B-00C04F79EFBC}") = "SharedObjects", "SharedObjects\SharedObjects.csproj", "{F6D57797-C997-4D17-A553-5C36CD52318A}"
EndProject
Global
	GlobalSection(SolutionConfigurationPlatforms) = preSolution
		Debug|Any CPU = Debug|Any CPU
		Release|Any CPU = Release|Any CPU
	EndGlobalSection
	GlobalSection(ProjectConfigurationPlatforms) = postSolution
		{1ADB1114-C1D2-4F5A-AA52-0474D5FB299B}.Debug|Any CPU.ActiveCfg = Debug|Any CPU
		{1ADB1114-C1D2-4F5A-AA52-0474D5FB299B}.Debug|Any CPU.Build.0 = Debug|Any CPU
		{1ADB1114-C1D2-4F5A-AA52-0474D5FB299B}.Release|Any CPU.ActiveCfg = Release|Any CPU
		{1ADB1114-C1D2-4F5A-AA52-0474D5FB299B}.Release|Any CPU.Build.0 = Release|Any CPU
		{BA5AF1F3-2F55-40E0-8579-B1439FFF316A}.Debug|Any CPU.ActiveCfg = Debug|Any CPU
		{BA5AF1F3-2F55-40E0-8579-B1439FFF316A}.Debug|Any CPU.Build.0 = Debug|Any CPU
		{BA5AF1F3-2F55-40E0-8579-B1439FFF316A}.Release|Any CPU.ActiveCfg = Release|Any CPU
		{BA5AF1F3-2F55-40E0-8579-B1439FFF316A}.Release|Any CPU.Build.0 = Release|Any CPU
		{BDE642DB-22CC-4645-BE88-06648FF210CD}.Debug|Any CPU.ActiveCfg = Debug|Any CPU
		{BDE642DB-22CC-4645-BE88-06648FF210CD}.Debug|Any CPU.Build.0 = Debug|Any CPU
		{BDE642DB-22CC-4645-BE88-06648FF210CD}.Release|Any CPU.ActiveCfg = Release|Any CPU
		{BDE642DB-22CC-4645-BE88-06648FF210CD}.Release|Any CPU.Build.0 = Release|Any CPU
		{F6D57797-C997-4D17-A553-5C36CD52318A}.Debug|Any CPU.ActiveCfg = Debug|Any CPU
		{F6D57797-C997-4D17-A553-5C36CD52318A}.Debug|Any CPU.Build.0 = Debug|Any CPU
		{F6D57797-C997-4D17-A553-5C36CD52318A}.Release|Any CPU.ActiveCfg = Release|Any CPU
		{F6D57797-C997-4D17-A553-5C36CD52318A}.Release|Any CPU.Build.0 = Release|Any CPU
	EndGlobalSection
	GlobalSection(SolutionProperties) = preSolution
		HideSolutionNode = FALSE
	EndGlobalSection
	GlobalSection(NestedProjects) = preSolution
		{1ADB1114-C1D2-4F5A-AA52-0474D5FB299B} = {2FEEEA79-1B89-41B7-A4E0-EE691DAF9C00}
		{BA5AF1F3-2F55-40E0-8579-B1439FFF316A} = {8079F466-7332-4796-8A4E-C79B53183962}
		{BDE642DB-22CC-4645-BE88-06648FF210CD} = {02C7D361-CAF9-497E-AA20-CA85F89A8FFF}
		{F6D57797-C997-4D17-A553-5C36CD52318A} = {E0621A79-50DB-41C8-BB3D-FBD55A888191}
	EndGlobalSection
	GlobalSection(ExtensibilityGlobals) = postSolution
		SolutionGuid = {6D61718E-BB3B-498F-9278-47259492C8C7}
	EndGlobalSection
EndGlobal
